// !$*UTF8*$!
{
	archiveVersion = 1;
	classes = {
	};
	objectVersion = 56;
	objects = {

/* Begin PBXBuildFile section */
		39B2BD532B6F71AB00176D9D /* RecordDetailViewCustomTab.swift in Sources */ = {isa = PBXBuildFile; fileRef = 39B2BD522B6F71AB00176D9D /* RecordDetailViewCustomTab.swift */; };
		BD357DAC2B6B35800090CF84 /* PageControl.swift in Sources */ = {isa = PBXBuildFile; fileRef = BD357DAB2B6B35800090CF84 /* PageControl.swift */; };
		BD357DAE2B6B85490090CF84 /* ModelData.swift in Sources */ = {isa = PBXBuildFile; fileRef = BD357DAD2B6B85490090CF84 /* ModelData.swift */; };
		BD357DB02B6B8CA20090CF84 /* FolderView.swift in Sources */ = {isa = PBXBuildFile; fileRef = BD357DAF2B6B8CA20090CF84 /* FolderView.swift */; };
		BD357DB22B6C9E640090CF84 /* LoadingIndicator.swift in Sources */ = {isa = PBXBuildFile; fileRef = BD357DB12B6C9E640090CF84 /* LoadingIndicator.swift */; };
		BD357DB72B6CC72A0090CF84 /* FolderItem.swift in Sources */ = {isa = PBXBuildFile; fileRef = BD357DB62B6CC72A0090CF84 /* FolderItem.swift */; };
		BD357DBC2B6CD4950090CF84 /* RecordDetailView.swift in Sources */ = {isa = PBXBuildFile; fileRef = BD357DBB2B6CD4950090CF84 /* RecordDetailView.swift */; };
		BD357DC12B6CED630090CF84 /* WrappingHStack in Frameworks */ = {isa = PBXBuildFile; productRef = BD357DC02B6CED630090CF84 /* WrappingHStack */; };
		BD41E84E2B69D51900931D23 /* BlogBigItem.swift in Sources */ = {isa = PBXBuildFile; fileRef = BD41E84D2B69D51900931D23 /* BlogBigItem.swift */; };
		BD41E8502B69DF8900931D23 /* PageView.swift in Sources */ = {isa = PBXBuildFile; fileRef = BD41E84F2B69DF8900931D23 /* PageView.swift */; };
		BD41E8522B69E02400931D23 /* PageViewController.swift in Sources */ = {isa = PBXBuildFile; fileRef = BD41E8512B69E02400931D23 /* PageViewController.swift */; };
		BD41E8542B69EF2C00931D23 /* UsefulFeatures.swift in Sources */ = {isa = PBXBuildFile; fileRef = BD41E8532B69EF2C00931D23 /* UsefulFeatures.swift */; };
		BD41E8562B6A336100931D23 /* NoteNothingView.swift in Sources */ = {isa = PBXBuildFile; fileRef = BD41E8552B6A336100931D23 /* NoteNothingView.swift */; };
		BD4DF0EE2B5F52A500D95864 /* LoginView.swift in Sources */ = {isa = PBXBuildFile; fileRef = BD4DF0ED2B5F52A500D95864 /* LoginView.swift */; };
		BD6C6ED62B5F8DCF00177408 /* User.swift in Sources */ = {isa = PBXBuildFile; fileRef = BD6C6ED52B5F8DCF00177408 /* User.swift */; };
		BD6C6EDA2B5F8E9A00177408 /* UserDetailView.swift in Sources */ = {isa = PBXBuildFile; fileRef = BD6C6ED92B5F8E9A00177408 /* UserDetailView.swift */; };
		BD6C6EDC2B5F915E00177408 /* userData.json in Resources */ = {isa = PBXBuildFile; fileRef = BD6C6EDB2B5F915E00177408 /* userData.json */; };
		BD6C6EDE2B5F924E00177408 /* UserModelData.swift in Sources */ = {isa = PBXBuildFile; fileRef = BD6C6EDD2B5F924E00177408 /* UserModelData.swift */; };
		BD9425DB2B70A5CB00676ADA /* NoteView.swift in Sources */ = {isa = PBXBuildFile; fileRef = BD9425DA2B70A5CB00676ADA /* NoteView.swift */; };
		BD9425DD2B70E6F200676ADA /* Folder.swift in Sources */ = {isa = PBXBuildFile; fileRef = BD9425DC2B70E6F200676ADA /* Folder.swift */; };
		BD94515D2B5F48D600E58FD6 /* ToyApp.swift in Sources */ = {isa = PBXBuildFile; fileRef = BD94515C2B5F48D600E58FD6 /* ToyApp.swift */; };
		BD94515F2B5F48D600E58FD6 /* ContentView.swift in Sources */ = {isa = PBXBuildFile; fileRef = BD94515E2B5F48D600E58FD6 /* ContentView.swift */; };
		BD9451612B5F48D700E58FD6 /* Assets.xcassets in Resources */ = {isa = PBXBuildFile; fileRef = BD9451602B5F48D700E58FD6 /* Assets.xcassets */; };
		BD9451642B5F48D700E58FD6 /* Preview Assets.xcassets in Resources */ = {isa = PBXBuildFile; fileRef = BD9451632B5F48D700E58FD6 /* Preview Assets.xcassets */; };
		BD94516E2B5F48D700E58FD6 /* ToyTests.swift in Sources */ = {isa = PBXBuildFile; fileRef = BD94516D2B5F48D700E58FD6 /* ToyTests.swift */; };
		BD9451782B5F48D700E58FD6 /* ToyUITests.swift in Sources */ = {isa = PBXBuildFile; fileRef = BD9451772B5F48D700E58FD6 /* ToyUITests.swift */; };
		BD94517A2B5F48D700E58FD6 /* ToyUITestsLaunchTests.swift in Sources */ = {isa = PBXBuildFile; fileRef = BD9451792B5F48D700E58FD6 /* ToyUITestsLaunchTests.swift */; };
		BDD4D6A22B687FA700330284 /* ClovaMainView.swift in Sources */ = {isa = PBXBuildFile; fileRef = BDD4D6A12B687FA700330284 /* ClovaMainView.swift */; };
		BDD4D6A62B68819200330284 /* BlogItem.swift in Sources */ = {isa = PBXBuildFile; fileRef = BDD4D6A52B68819200330284 /* BlogItem.swift */; };
		BDD4D6A82B68937000330284 /* EclipseButton.swift in Sources */ = {isa = PBXBuildFile; fileRef = BDD4D6A72B68937000330284 /* EclipseButton.swift */; };
		BDD4D6AA2B68A48C00330284 /* RecordItem.swift in Sources */ = {isa = PBXBuildFile; fileRef = BDD4D6A92B68A48C00330284 /* RecordItem.swift */; };
		BDD4D6AC2B68A4CF00330284 /* Record.swift in Sources */ = {isa = PBXBuildFile; fileRef = BDD4D6AB2B68A4CF00330284 /* Record.swift */; };
		BDD4D6AF2B68CFE800330284 /* MainCustomTab.swift in Sources */ = {isa = PBXBuildFile; fileRef = BDD4D6AE2B68CFE800330284 /* MainCustomTab.swift */; };
		BDD4D6B12B68E52300330284 /* PlusButton.swift in Sources */ = {isa = PBXBuildFile; fileRef = BDD4D6B02B68E52300330284 /* PlusButton.swift */; };
/* End PBXBuildFile section */

/* Begin PBXContainerItemProxy section */
		BD94516A2B5F48D700E58FD6 /* PBXContainerItemProxy */ = {
			isa = PBXContainerItemProxy;
			containerPortal = BD9451512B5F48D600E58FD6 /* Project object */;
			proxyType = 1;
			remoteGlobalIDString = BD9451582B5F48D600E58FD6;
			remoteInfo = Toy;
		};
		BD9451742B5F48D700E58FD6 /* PBXContainerItemProxy */ = {
			isa = PBXContainerItemProxy;
			containerPortal = BD9451512B5F48D600E58FD6 /* Project object */;
			proxyType = 1;
			remoteGlobalIDString = BD9451582B5F48D600E58FD6;
			remoteInfo = Toy;
		};
/* End PBXContainerItemProxy section */

/* Begin PBXFileReference section */
		39B2BD522B6F71AB00176D9D /* RecordDetailViewCustomTab.swift */ = {isa = PBXFileReference; lastKnownFileType = sourcecode.swift; path = RecordDetailViewCustomTab.swift; sourceTree = "<group>"; };
		BD357DAB2B6B35800090CF84 /* PageControl.swift */ = {isa = PBXFileReference; lastKnownFileType = sourcecode.swift; path = PageControl.swift; sourceTree = "<group>"; };
		BD357DAD2B6B85490090CF84 /* ModelData.swift */ = {isa = PBXFileReference; lastKnownFileType = sourcecode.swift; path = ModelData.swift; sourceTree = "<group>"; };
		BD357DAF2B6B8CA20090CF84 /* FolderView.swift */ = {isa = PBXFileReference; lastKnownFileType = sourcecode.swift; path = FolderView.swift; sourceTree = "<group>"; };
		BD357DB12B6C9E640090CF84 /* LoadingIndicator.swift */ = {isa = PBXFileReference; lastKnownFileType = sourcecode.swift; path = LoadingIndicator.swift; sourceTree = "<group>"; };
		BD357DB62B6CC72A0090CF84 /* FolderItem.swift */ = {isa = PBXFileReference; lastKnownFileType = sourcecode.swift; path = FolderItem.swift; sourceTree = "<group>"; };
		BD357DBB2B6CD4950090CF84 /* RecordDetailView.swift */ = {isa = PBXFileReference; lastKnownFileType = sourcecode.swift; path = RecordDetailView.swift; sourceTree = "<group>"; };
		BD41E84D2B69D51900931D23 /* BlogBigItem.swift */ = {isa = PBXFileReference; lastKnownFileType = sourcecode.swift; path = BlogBigItem.swift; sourceTree = "<group>"; };
		BD41E84F2B69DF8900931D23 /* PageView.swift */ = {isa = PBXFileReference; lastKnownFileType = sourcecode.swift; path = PageView.swift; sourceTree = "<group>"; };
		BD41E8512B69E02400931D23 /* PageViewController.swift */ = {isa = PBXFileReference; lastKnownFileType = sourcecode.swift; path = PageViewController.swift; sourceTree = "<group>"; };
		BD41E8532B69EF2C00931D23 /* UsefulFeatures.swift */ = {isa = PBXFileReference; lastKnownFileType = sourcecode.swift; path = UsefulFeatures.swift; sourceTree = "<group>"; };
		BD41E8552B6A336100931D23 /* NoteNothingView.swift */ = {isa = PBXFileReference; lastKnownFileType = sourcecode.swift; path = NoteNothingView.swift; sourceTree = "<group>"; };
		BD4DF0ED2B5F52A500D95864 /* LoginView.swift */ = {isa = PBXFileReference; lastKnownFileType = sourcecode.swift; path = LoginView.swift; sourceTree = "<group>"; };
		BD6C6ED52B5F8DCF00177408 /* User.swift */ = {isa = PBXFileReference; lastKnownFileType = sourcecode.swift; path = User.swift; sourceTree = "<group>"; };
		BD6C6ED92B5F8E9A00177408 /* UserDetailView.swift */ = {isa = PBXFileReference; lastKnownFileType = sourcecode.swift; path = UserDetailView.swift; sourceTree = "<group>"; };
		BD6C6EDB2B5F915E00177408 /* userData.json */ = {isa = PBXFileReference; lastKnownFileType = text.json; path = userData.json; sourceTree = "<group>"; };
		BD6C6EDD2B5F924E00177408 /* UserModelData.swift */ = {isa = PBXFileReference; lastKnownFileType = sourcecode.swift; path = UserModelData.swift; sourceTree = "<group>"; };
		BD9425DA2B70A5CB00676ADA /* NoteView.swift */ = {isa = PBXFileReference; lastKnownFileType = sourcecode.swift; path = NoteView.swift; sourceTree = "<group>"; };
		BD9425DC2B70E6F200676ADA /* Folder.swift */ = {isa = PBXFileReference; lastKnownFileType = sourcecode.swift; path = Folder.swift; sourceTree = "<group>"; };
		BD9451592B5F48D600E58FD6 /* Toy.app */ = {isa = PBXFileReference; explicitFileType = wrapper.application; includeInIndex = 0; path = Toy.app; sourceTree = BUILT_PRODUCTS_DIR; };
		BD94515C2B5F48D600E58FD6 /* ToyApp.swift */ = {isa = PBXFileReference; lastKnownFileType = sourcecode.swift; path = ToyApp.swift; sourceTree = "<group>"; };
		BD94515E2B5F48D600E58FD6 /* ContentView.swift */ = {isa = PBXFileReference; lastKnownFileType = sourcecode.swift; path = ContentView.swift; sourceTree = "<group>"; };
		BD9451602B5F48D700E58FD6 /* Assets.xcassets */ = {isa = PBXFileReference; lastKnownFileType = folder.assetcatalog; path = Assets.xcassets; sourceTree = "<group>"; };
		BD9451632B5F48D700E58FD6 /* Preview Assets.xcassets */ = {isa = PBXFileReference; lastKnownFileType = folder.assetcatalog; path = "Preview Assets.xcassets"; sourceTree = "<group>"; };
		BD9451692B5F48D700E58FD6 /* ToyTests.xctest */ = {isa = PBXFileReference; explicitFileType = wrapper.cfbundle; includeInIndex = 0; path = ToyTests.xctest; sourceTree = BUILT_PRODUCTS_DIR; };
		BD94516D2B5F48D700E58FD6 /* ToyTests.swift */ = {isa = PBXFileReference; lastKnownFileType = sourcecode.swift; path = ToyTests.swift; sourceTree = "<group>"; };
		BD9451732B5F48D700E58FD6 /* ToyUITests.xctest */ = {isa = PBXFileReference; explicitFileType = wrapper.cfbundle; includeInIndex = 0; path = ToyUITests.xctest; sourceTree = BUILT_PRODUCTS_DIR; };
		BD9451772B5F48D700E58FD6 /* ToyUITests.swift */ = {isa = PBXFileReference; lastKnownFileType = sourcecode.swift; path = ToyUITests.swift; sourceTree = "<group>"; };
		BD9451792B5F48D700E58FD6 /* ToyUITestsLaunchTests.swift */ = {isa = PBXFileReference; lastKnownFileType = sourcecode.swift; path = ToyUITestsLaunchTests.swift; sourceTree = "<group>"; };
		BDD4D6A12B687FA700330284 /* ClovaMainView.swift */ = {isa = PBXFileReference; lastKnownFileType = sourcecode.swift; path = ClovaMainView.swift; sourceTree = "<group>"; };
		BDD4D6A52B68819200330284 /* BlogItem.swift */ = {isa = PBXFileReference; lastKnownFileType = sourcecode.swift; path = BlogItem.swift; sourceTree = "<group>"; };
		BDD4D6A72B68937000330284 /* EclipseButton.swift */ = {isa = PBXFileReference; lastKnownFileType = sourcecode.swift; path = EclipseButton.swift; sourceTree = "<group>"; };
		BDD4D6A92B68A48C00330284 /* RecordItem.swift */ = {isa = PBXFileReference; lastKnownFileType = sourcecode.swift; path = RecordItem.swift; sourceTree = "<group>"; };
		BDD4D6AB2B68A4CF00330284 /* Record.swift */ = {isa = PBXFileReference; lastKnownFileType = sourcecode.swift; path = Record.swift; sourceTree = "<group>"; };
		BDD4D6AE2B68CFE800330284 /* MainCustomTab.swift */ = {isa = PBXFileReference; lastKnownFileType = sourcecode.swift; path = MainCustomTab.swift; sourceTree = "<group>"; };
		BDD4D6B02B68E52300330284 /* PlusButton.swift */ = {isa = PBXFileReference; lastKnownFileType = sourcecode.swift; path = PlusButton.swift; sourceTree = "<group>"; };
/* End PBXFileReference section */

/* Begin PBXFrameworksBuildPhase section */
		BD9451562B5F48D600E58FD6 /* Frameworks */ = {
			isa = PBXFrameworksBuildPhase;
			buildActionMask = 2147483647;
			files = (
				BD357DC12B6CED630090CF84 /* WrappingHStack in Frameworks */,
			);
			runOnlyForDeploymentPostprocessing = 0;
		};
		BD9451662B5F48D700E58FD6 /* Frameworks */ = {
			isa = PBXFrameworksBuildPhase;
			buildActionMask = 2147483647;
			files = (
			);
			runOnlyForDeploymentPostprocessing = 0;
		};
		BD9451702B5F48D700E58FD6 /* Frameworks */ = {
			isa = PBXFrameworksBuildPhase;
			buildActionMask = 2147483647;
			files = (
			);
			runOnlyForDeploymentPostprocessing = 0;
		};
/* End PBXFrameworksBuildPhase section */

/* Begin PBXGroup section */
		BD357DA92B6B34E90090CF84 /* Views */ = {
			isa = PBXGroup;
			children = (
				BD357DB52B6CBE430090CF84 /* Main */,
				BD357DB32B6CBDD10090CF84 /* Folder */,
				BD357DAA2B6B354B0090CF84 /* PageControl */,
				BD357DB12B6C9E640090CF84 /* LoadingIndicator.swift */,
				BDD4D6A12B687FA700330284 /* ClovaMainView.swift */,
				BD94515E2B5F48D600E58FD6 /* ContentView.swift */,
			);
			path = Views;
			sourceTree = "<group>";
		};
		BD357DAA2B6B354B0090CF84 /* PageControl */ = {
			isa = PBXGroup;
			children = (
				BD41E8512B69E02400931D23 /* PageViewController.swift */,
				BD41E84F2B69DF8900931D23 /* PageView.swift */,
				BD357DAB2B6B35800090CF84 /* PageControl.swift */,
			);
			path = PageControl;
			sourceTree = "<group>";
		};
		BD357DB32B6CBDD10090CF84 /* Folder */ = {
			isa = PBXGroup;
			children = (
				BD357DAF2B6B8CA20090CF84 /* FolderView.swift */,
				BD9425DA2B70A5CB00676ADA /* NoteView.swift */,
				BD357DB62B6CC72A0090CF84 /* FolderItem.swift */,
			);
			path = Folder;
			sourceTree = "<group>";
		};
		BD357DB52B6CBE430090CF84 /* Main */ = {
			isa = PBXGroup;
			children = (
				BD357DBB2B6CD4950090CF84 /* RecordDetailView.swift */,
				39B2BD522B6F71AB00176D9D /* RecordDetailViewCustomTab.swift */,
				BD41E8552B6A336100931D23 /* NoteNothingView.swift */,
				BDD4D6AE2B68CFE800330284 /* MainCustomTab.swift */,
				BDD4D6A52B68819200330284 /* BlogItem.swift */,
				BDD4D6B02B68E52300330284 /* PlusButton.swift */,
				BDD4D6A92B68A48C00330284 /* RecordItem.swift */,
				BDD4D6A72B68937000330284 /* EclipseButton.swift */,
				BD41E84D2B69D51900931D23 /* BlogBigItem.swift */,
				BD41E8532B69EF2C00931D23 /* UsefulFeatures.swift */,
			);
			path = Main;
			sourceTree = "<group>";
		};
		BD9451502B5F48D600E58FD6 = {
			isa = PBXGroup;
			children = (
				BD94515B2B5F48D600E58FD6 /* Toy */,
				BD94516C2B5F48D700E58FD6 /* ToyTests */,
				BD9451762B5F48D700E58FD6 /* ToyUITests */,
				BD94515A2B5F48D600E58FD6 /* Products */,
			);
			sourceTree = "<group>";
		};
		BD94515A2B5F48D600E58FD6 /* Products */ = {
			isa = PBXGroup;
			children = (
				BD9451592B5F48D600E58FD6 /* Toy.app */,
				BD9451692B5F48D700E58FD6 /* ToyTests.xctest */,
				BD9451732B5F48D700E58FD6 /* ToyUITests.xctest */,
			);
			name = Products;
			sourceTree = "<group>";
		};
		BD94515B2B5F48D600E58FD6 /* Toy */ = {
			isa = PBXGroup;
			children = (
				BD94515C2B5F48D600E58FD6 /* ToyApp.swift */,
				BD357DA92B6B34E90090CF84 /* Views */,
				BDD4D6AD2B68A88800330284 /* Model */,
				BD9451602B5F48D700E58FD6 /* Assets.xcassets */,
				BD9451622B5F48D700E58FD6 /* Preview Content */,
				BD6C6ED52B5F8DCF00177408 /* User.swift */,
				BD6C6EDD2B5F924E00177408 /* UserModelData.swift */,
				BD4DF0ED2B5F52A500D95864 /* LoginView.swift */,
				BD6C6ED92B5F8E9A00177408 /* UserDetailView.swift */,
				BD6C6EDB2B5F915E00177408 /* userData.json */,
			);
			path = Toy;
			sourceTree = "<group>";
		};
		BD9451622B5F48D700E58FD6 /* Preview Content */ = {
			isa = PBXGroup;
			children = (
				BD9451632B5F48D700E58FD6 /* Preview Assets.xcassets */,
			);
			path = "Preview Content";
			sourceTree = "<group>";
		};
		BD94516C2B5F48D700E58FD6 /* ToyTests */ = {
			isa = PBXGroup;
			children = (
				BD94516D2B5F48D700E58FD6 /* ToyTests.swift */,
			);
			path = ToyTests;
			sourceTree = "<group>";
		};
		BD9451762B5F48D700E58FD6 /* ToyUITests */ = {
			isa = PBXGroup;
			children = (
				BD9451772B5F48D700E58FD6 /* ToyUITests.swift */,
				BD9451792B5F48D700E58FD6 /* ToyUITestsLaunchTests.swift */,
			);
			path = ToyUITests;
			sourceTree = "<group>";
		};
		BDD4D6AD2B68A88800330284 /* Model */ = {
			isa = PBXGroup;
			children = (
				BDD4D6AB2B68A4CF00330284 /* Record.swift */,
				BD357DAD2B6B85490090CF84 /* ModelData.swift */,
				BD9425DC2B70E6F200676ADA /* Folder.swift */,
			);
			path = Model;
			sourceTree = "<group>";
		};
/* End PBXGroup section */

/* Begin PBXNativeTarget section */
		BD9451582B5F48D600E58FD6 /* Toy */ = {
			isa = PBXNativeTarget;
			buildConfigurationList = BD94517D2B5F48D700E58FD6 /* Build configuration list for PBXNativeTarget "Toy" */;
			buildPhases = (
				BD9451552B5F48D600E58FD6 /* Sources */,
				BD9451562B5F48D600E58FD6 /* Frameworks */,
				BD9451572B5F48D600E58FD6 /* Resources */,
			);
			buildRules = (
			);
			dependencies = (
			);
			name = Toy;
			packageProductDependencies = (
				BD357DC02B6CED630090CF84 /* WrappingHStack */,
			);
			productName = Toy;
			productReference = BD9451592B5F48D600E58FD6 /* Toy.app */;
			productType = "com.apple.product-type.application";
		};
		BD9451682B5F48D700E58FD6 /* ToyTests */ = {
			isa = PBXNativeTarget;
			buildConfigurationList = BD9451802B5F48D700E58FD6 /* Build configuration list for PBXNativeTarget "ToyTests" */;
			buildPhases = (
				BD9451652B5F48D700E58FD6 /* Sources */,
				BD9451662B5F48D700E58FD6 /* Frameworks */,
				BD9451672B5F48D700E58FD6 /* Resources */,
			);
			buildRules = (
			);
			dependencies = (
				BD94516B2B5F48D700E58FD6 /* PBXTargetDependency */,
			);
			name = ToyTests;
			productName = ToyTests;
			productReference = BD9451692B5F48D700E58FD6 /* ToyTests.xctest */;
			productType = "com.apple.product-type.bundle.unit-test";
		};
		BD9451722B5F48D700E58FD6 /* ToyUITests */ = {
			isa = PBXNativeTarget;
			buildConfigurationList = BD9451832B5F48D700E58FD6 /* Build configuration list for PBXNativeTarget "ToyUITests" */;
			buildPhases = (
				BD94516F2B5F48D700E58FD6 /* Sources */,
				BD9451702B5F48D700E58FD6 /* Frameworks */,
				BD9451712B5F48D700E58FD6 /* Resources */,
			);
			buildRules = (
			);
			dependencies = (
				BD9451752B5F48D700E58FD6 /* PBXTargetDependency */,
			);
			name = ToyUITests;
			productName = ToyUITests;
			productReference = BD9451732B5F48D700E58FD6 /* ToyUITests.xctest */;
			productType = "com.apple.product-type.bundle.ui-testing";
		};
/* End PBXNativeTarget section */

/* Begin PBXProject section */
		BD9451512B5F48D600E58FD6 /* Project object */ = {
			isa = PBXProject;
			attributes = {
				BuildIndependentTargetsInParallel = 1;
				LastSwiftUpdateCheck = 1520;
				LastUpgradeCheck = 1520;
				TargetAttributes = {
					BD9451582B5F48D600E58FD6 = {
						CreatedOnToolsVersion = 15.2;
					};
					BD9451682B5F48D700E58FD6 = {
						CreatedOnToolsVersion = 15.2;
						TestTargetID = BD9451582B5F48D600E58FD6;
					};
					BD9451722B5F48D700E58FD6 = {
						CreatedOnToolsVersion = 15.2;
						TestTargetID = BD9451582B5F48D600E58FD6;
					};
				};
			};
			buildConfigurationList = BD9451542B5F48D600E58FD6 /* Build configuration list for PBXProject "Toy" */;
			compatibilityVersion = "Xcode 14.0";
			developmentRegion = en;
			hasScannedForEncodings = 0;
			knownRegions = (
				en,
				Base,
			);
			mainGroup = BD9451502B5F48D600E58FD6;
			packageReferences = (
				BD357DBF2B6CED620090CF84 /* XCRemoteSwiftPackageReference "WrappingHStack" */,
			);
			productRefGroup = BD94515A2B5F48D600E58FD6 /* Products */;
			projectDirPath = "";
			projectRoot = "";
			targets = (
				BD9451582B5F48D600E58FD6 /* Toy */,
				BD9451682B5F48D700E58FD6 /* ToyTests */,
				BD9451722B5F48D700E58FD6 /* ToyUITests */,
			);
		};
/* End PBXProject section */

/* Begin PBXResourcesBuildPhase section */
		BD9451572B5F48D600E58FD6 /* Resources */ = {
			isa = PBXResourcesBuildPhase;
			buildActionMask = 2147483647;
			files = (
				BD9451642B5F48D700E58FD6 /* Preview Assets.xcassets in Resources */,
				BD6C6EDC2B5F915E00177408 /* userData.json in Resources */,
				BD9451612B5F48D700E58FD6 /* Assets.xcassets in Resources */,
			);
			runOnlyForDeploymentPostprocessing = 0;
		};
		BD9451672B5F48D700E58FD6 /* Resources */ = {
			isa = PBXResourcesBuildPhase;
			buildActionMask = 2147483647;
			files = (
			);
			runOnlyForDeploymentPostprocessing = 0;
		};
		BD9451712B5F48D700E58FD6 /* Resources */ = {
			isa = PBXResourcesBuildPhase;
			buildActionMask = 2147483647;
			files = (
			);
			runOnlyForDeploymentPostprocessing = 0;
		};
/* End PBXResourcesBuildPhase section */

/* Begin PBXSourcesBuildPhase section */
		BD9451552B5F48D600E58FD6 /* Sources */ = {
			isa = PBXSourcesBuildPhase;
			buildActionMask = 2147483647;
			files = (
				BD357DB22B6C9E640090CF84 /* LoadingIndicator.swift in Sources */,
				BD4DF0EE2B5F52A500D95864 /* LoginView.swift in Sources */,
				BD41E8542B69EF2C00931D23 /* UsefulFeatures.swift in Sources */,
				BD94515F2B5F48D600E58FD6 /* ContentView.swift in Sources */,
				BD6C6ED62B5F8DCF00177408 /* User.swift in Sources */,
				BDD4D6AF2B68CFE800330284 /* MainCustomTab.swift in Sources */,
				BDD4D6A82B68937000330284 /* EclipseButton.swift in Sources */,
				BDD4D6B12B68E52300330284 /* PlusButton.swift in Sources */,
				BDD4D6A62B68819200330284 /* BlogItem.swift in Sources */,
				BD357DB02B6B8CA20090CF84 /* FolderView.swift in Sources */,
				BD9425DB2B70A5CB00676ADA /* NoteView.swift in Sources */,
				BD41E8562B6A336100931D23 /* NoteNothingView.swift in Sources */,
				BD6C6EDA2B5F8E9A00177408 /* UserDetailView.swift in Sources */,
				BD41E84E2B69D51900931D23 /* BlogBigItem.swift in Sources */,
				BDD4D6AC2B68A4CF00330284 /* Record.swift in Sources */,
				BD41E8502B69DF8900931D23 /* PageView.swift in Sources */,
				BD94515D2B5F48D600E58FD6 /* ToyApp.swift in Sources */,
				BDD4D6AA2B68A48C00330284 /* RecordItem.swift in Sources */,
				BD6C6EDE2B5F924E00177408 /* UserModelData.swift in Sources */,
				BDD4D6A22B687FA700330284 /* ClovaMainView.swift in Sources */,
				BD357DB72B6CC72A0090CF84 /* FolderItem.swift in Sources */,
				BD357DBC2B6CD4950090CF84 /* RecordDetailView.swift in Sources */,
				BD357DAE2B6B85490090CF84 /* ModelData.swift in Sources */,
				39B2BD532B6F71AB00176D9D /* RecordDetailViewCustomTab.swift in Sources */,
				BD41E8522B69E02400931D23 /* PageViewController.swift in Sources */,
				BD357DAC2B6B35800090CF84 /* PageControl.swift in Sources */,
				BD9425DD2B70E6F200676ADA /* Folder.swift in Sources */,
			);
			runOnlyForDeploymentPostprocessing = 0;
		};
		BD9451652B5F48D700E58FD6 /* Sources */ = {
			isa = PBXSourcesBuildPhase;
			buildActionMask = 2147483647;
			files = (
				BD94516E2B5F48D700E58FD6 /* ToyTests.swift in Sources */,
			);
			runOnlyForDeploymentPostprocessing = 0;
		};
		BD94516F2B5F48D700E58FD6 /* Sources */ = {
			isa = PBXSourcesBuildPhase;
			buildActionMask = 2147483647;
			files = (
				BD9451782B5F48D700E58FD6 /* ToyUITests.swift in Sources */,
				BD94517A2B5F48D700E58FD6 /* ToyUITestsLaunchTests.swift in Sources */,
			);
			runOnlyForDeploymentPostprocessing = 0;
		};
/* End PBXSourcesBuildPhase section */

/* Begin PBXTargetDependency section */
		BD94516B2B5F48D700E58FD6 /* PBXTargetDependency */ = {
			isa = PBXTargetDependency;
			target = BD9451582B5F48D600E58FD6 /* Toy */;
			targetProxy = BD94516A2B5F48D700E58FD6 /* PBXContainerItemProxy */;
		};
		BD9451752B5F48D700E58FD6 /* PBXTargetDependency */ = {
			isa = PBXTargetDependency;
			target = BD9451582B5F48D600E58FD6 /* Toy */;
			targetProxy = BD9451742B5F48D700E58FD6 /* PBXContainerItemProxy */;
		};
/* End PBXTargetDependency section */

/* Begin XCBuildConfiguration section */
		BD94517B2B5F48D700E58FD6 /* Debug */ = {
			isa = XCBuildConfiguration;
			buildSettings = {
				ALWAYS_SEARCH_USER_PATHS = NO;
				ASSETCATALOG_COMPILER_GENERATE_SWIFT_ASSET_SYMBOL_EXTENSIONS = YES;
				CLANG_ANALYZER_NONNULL = YES;
				CLANG_ANALYZER_NUMBER_OBJECT_CONVERSION = YES_AGGRESSIVE;
				CLANG_CXX_LANGUAGE_STANDARD = "gnu++20";
				CLANG_ENABLE_MODULES = YES;
				CLANG_ENABLE_OBJC_ARC = YES;
				CLANG_ENABLE_OBJC_WEAK = YES;
				CLANG_WARN_BLOCK_CAPTURE_AUTORELEASING = YES;
				CLANG_WARN_BOOL_CONVERSION = YES;
				CLANG_WARN_COMMA = YES;
				CLANG_WARN_CONSTANT_CONVERSION = YES;
				CLANG_WARN_DEPRECATED_OBJC_IMPLEMENTATIONS = YES;
				CLANG_WARN_DIRECT_OBJC_ISA_USAGE = YES_ERROR;
				CLANG_WARN_DOCUMENTATION_COMMENTS = YES;
				CLANG_WARN_EMPTY_BODY = YES;
				CLANG_WARN_ENUM_CONVERSION = YES;
				CLANG_WARN_INFINITE_RECURSION = YES;
				CLANG_WARN_INT_CONVERSION = YES;
				CLANG_WARN_NON_LITERAL_NULL_CONVERSION = YES;
				CLANG_WARN_OBJC_IMPLICIT_RETAIN_SELF = YES;
				CLANG_WARN_OBJC_LITERAL_CONVERSION = YES;
				CLANG_WARN_OBJC_ROOT_CLASS = YES_ERROR;
				CLANG_WARN_QUOTED_INCLUDE_IN_FRAMEWORK_HEADER = YES;
				CLANG_WARN_RANGE_LOOP_ANALYSIS = YES;
				CLANG_WARN_STRICT_PROTOTYPES = YES;
				CLANG_WARN_SUSPICIOUS_MOVE = YES;
				CLANG_WARN_UNGUARDED_AVAILABILITY = YES_AGGRESSIVE;
				CLANG_WARN_UNREACHABLE_CODE = YES;
				CLANG_WARN__DUPLICATE_METHOD_MATCH = YES;
				COPY_PHASE_STRIP = NO;
				DEBUG_INFORMATION_FORMAT = dwarf;
				ENABLE_STRICT_OBJC_MSGSEND = YES;
				ENABLE_TESTABILITY = YES;
				ENABLE_USER_SCRIPT_SANDBOXING = YES;
				GCC_C_LANGUAGE_STANDARD = gnu17;
				GCC_DYNAMIC_NO_PIC = NO;
				GCC_NO_COMMON_BLOCKS = YES;
				GCC_OPTIMIZATION_LEVEL = 0;
				GCC_PREPROCESSOR_DEFINITIONS = (
					"DEBUG=1",
					"$(inherited)",
				);
				GCC_WARN_64_TO_32_BIT_CONVERSION = YES;
				GCC_WARN_ABOUT_RETURN_TYPE = YES_ERROR;
				GCC_WARN_UNDECLARED_SELECTOR = YES;
				GCC_WARN_UNINITIALIZED_AUTOS = YES_AGGRESSIVE;
				GCC_WARN_UNUSED_FUNCTION = YES;
				GCC_WARN_UNUSED_VARIABLE = YES;
				IPHONEOS_DEPLOYMENT_TARGET = 17.2;
				LOCALIZATION_PREFERS_STRING_CATALOGS = YES;
				MTL_ENABLE_DEBUG_INFO = INCLUDE_SOURCE;
				MTL_FAST_MATH = YES;
				ONLY_ACTIVE_ARCH = YES;
				SDKROOT = iphoneos;
				SWIFT_ACTIVE_COMPILATION_CONDITIONS = "DEBUG $(inherited)";
				SWIFT_OPTIMIZATION_LEVEL = "-Onone";
			};
			name = Debug;
		};
		BD94517C2B5F48D700E58FD6 /* Release */ = {
			isa = XCBuildConfiguration;
			buildSettings = {
				ALWAYS_SEARCH_USER_PATHS = NO;
				ASSETCATALOG_COMPILER_GENERATE_SWIFT_ASSET_SYMBOL_EXTENSIONS = YES;
				CLANG_ANALYZER_NONNULL = YES;
				CLANG_ANALYZER_NUMBER_OBJECT_CONVERSION = YES_AGGRESSIVE;
				CLANG_CXX_LANGUAGE_STANDARD = "gnu++20";
				CLANG_ENABLE_MODULES = YES;
				CLANG_ENABLE_OBJC_ARC = YES;
				CLANG_ENABLE_OBJC_WEAK = YES;
				CLANG_WARN_BLOCK_CAPTURE_AUTORELEASING = YES;
				CLANG_WARN_BOOL_CONVERSION = YES;
				CLANG_WARN_COMMA = YES;
				CLANG_WARN_CONSTANT_CONVERSION = YES;
				CLANG_WARN_DEPRECATED_OBJC_IMPLEMENTATIONS = YES;
				CLANG_WARN_DIRECT_OBJC_ISA_USAGE = YES_ERROR;
				CLANG_WARN_DOCUMENTATION_COMMENTS = YES;
				CLANG_WARN_EMPTY_BODY = YES;
				CLANG_WARN_ENUM_CONVERSION = YES;
				CLANG_WARN_INFINITE_RECURSION = YES;
				CLANG_WARN_INT_CONVERSION = YES;
				CLANG_WARN_NON_LITERAL_NULL_CONVERSION = YES;
				CLANG_WARN_OBJC_IMPLICIT_RETAIN_SELF = YES;
				CLANG_WARN_OBJC_LITERAL_CONVERSION = YES;
				CLANG_WARN_OBJC_ROOT_CLASS = YES_ERROR;
				CLANG_WARN_QUOTED_INCLUDE_IN_FRAMEWORK_HEADER = YES;
				CLANG_WARN_RANGE_LOOP_ANALYSIS = YES;
				CLANG_WARN_STRICT_PROTOTYPES = YES;
				CLANG_WARN_SUSPICIOUS_MOVE = YES;
				CLANG_WARN_UNGUARDED_AVAILABILITY = YES_AGGRESSIVE;
				CLANG_WARN_UNREACHABLE_CODE = YES;
				CLANG_WARN__DUPLICATE_METHOD_MATCH = YES;
				COPY_PHASE_STRIP = NO;
				DEBUG_INFORMATION_FORMAT = "dwarf-with-dsym";
				ENABLE_NS_ASSERTIONS = NO;
				ENABLE_STRICT_OBJC_MSGSEND = YES;
				ENABLE_USER_SCRIPT_SANDBOXING = YES;
				GCC_C_LANGUAGE_STANDARD = gnu17;
				GCC_NO_COMMON_BLOCKS = YES;
				GCC_WARN_64_TO_32_BIT_CONVERSION = YES;
				GCC_WARN_ABOUT_RETURN_TYPE = YES_ERROR;
				GCC_WARN_UNDECLARED_SELECTOR = YES;
				GCC_WARN_UNINITIALIZED_AUTOS = YES_AGGRESSIVE;
				GCC_WARN_UNUSED_FUNCTION = YES;
				GCC_WARN_UNUSED_VARIABLE = YES;
				IPHONEOS_DEPLOYMENT_TARGET = 17.2;
				LOCALIZATION_PREFERS_STRING_CATALOGS = YES;
				MTL_ENABLE_DEBUG_INFO = NO;
				MTL_FAST_MATH = YES;
				SDKROOT = iphoneos;
				SWIFT_COMPILATION_MODE = wholemodule;
				VALIDATE_PRODUCT = YES;
			};
			name = Release;
		};
		BD94517E2B5F48D700E58FD6 /* Debug */ = {
			isa = XCBuildConfiguration;
			buildSettings = {
				ASSETCATALOG_COMPILER_APPICON_NAME = AppIcon;
				ASSETCATALOG_COMPILER_GLOBAL_ACCENT_COLOR_NAME = AccentColor;
				CODE_SIGN_STYLE = Automatic;
				CURRENT_PROJECT_VERSION = 1;
				DEVELOPMENT_ASSET_PATHS = "\"Toy/Preview Content\"";
				DEVELOPMENT_TEAM = MU8U64S8D2;
				ENABLE_PREVIEWS = YES;
				GENERATE_INFOPLIST_FILE = YES;
				INFOPLIST_KEY_UIApplicationSceneManifest_Generation = YES;
				INFOPLIST_KEY_UIApplicationSupportsIndirectInputEvents = YES;
				INFOPLIST_KEY_UILaunchScreen_Generation = YES;
				INFOPLIST_KEY_UISupportedInterfaceOrientations_iPad = "UIInterfaceOrientationPortrait UIInterfaceOrientationPortraitUpsideDown UIInterfaceOrientationLandscapeLeft UIInterfaceOrientationLandscapeRight";
				INFOPLIST_KEY_UISupportedInterfaceOrientations_iPhone = "UIInterfaceOrientationPortrait UIInterfaceOrientationLandscapeLeft UIInterfaceOrientationLandscapeRight";
				LD_RUNPATH_SEARCH_PATHS = (
					"$(inherited)",
					"@executable_path/Frameworks",
				);
				MARKETING_VERSION = 1.0;
				PRODUCT_BUNDLE_IDENTIFIER = kr.coco.Toy;
				PRODUCT_NAME = "$(TARGET_NAME)";
				SWIFT_EMIT_LOC_STRINGS = YES;
				SWIFT_VERSION = 5.0;
				TARGETED_DEVICE_FAMILY = "1,2";
			};
			name = Debug;
		};
		BD94517F2B5F48D700E58FD6 /* Release */ = {
			isa = XCBuildConfiguration;
			buildSettings = {
				ASSETCATALOG_COMPILER_APPICON_NAME = AppIcon;
				ASSETCATALOG_COMPILER_GLOBAL_ACCENT_COLOR_NAME = AccentColor;
				CODE_SIGN_STYLE = Automatic;
				CURRENT_PROJECT_VERSION = 1;
				DEVELOPMENT_ASSET_PATHS = "\"Toy/Preview Content\"";
				DEVELOPMENT_TEAM = MU8U64S8D2;
				ENABLE_PREVIEWS = YES;
				GENERATE_INFOPLIST_FILE = YES;
				INFOPLIST_KEY_UIApplicationSceneManifest_Generation = YES;
				INFOPLIST_KEY_UIApplicationSupportsIndirectInputEvents = YES;
				INFOPLIST_KEY_UILaunchScreen_Generation = YES;
				INFOPLIST_KEY_UISupportedInterfaceOrientations_iPad = "UIInterfaceOrientationPortrait UIInterfaceOrientationPortraitUpsideDown UIInterfaceOrientationLandscapeLeft UIInterfaceOrientationLandscapeRight";
				INFOPLIST_KEY_UISupportedInterfaceOrientations_iPhone = "UIInterfaceOrientationPortrait UIInterfaceOrientationLandscapeLeft UIInterfaceOrientationLandscapeRight";
				LD_RUNPATH_SEARCH_PATHS = (
					"$(inherited)",
					"@executable_path/Frameworks",
				);
				MARKETING_VERSION = 1.0;
				PRODUCT_BUNDLE_IDENTIFIER = kr.coco.Toy;
				PRODUCT_NAME = "$(TARGET_NAME)";
				SWIFT_EMIT_LOC_STRINGS = YES;
				SWIFT_VERSION = 5.0;
				TARGETED_DEVICE_FAMILY = "1,2";
			};
			name = Release;
		};
		BD9451812B5F48D700E58FD6 /* Debug */ = {
			isa = XCBuildConfiguration;
			buildSettings = {
				ALWAYS_EMBED_SWIFT_STANDARD_LIBRARIES = YES;
				BUNDLE_LOADER = "$(TEST_HOST)";
				CODE_SIGN_STYLE = Automatic;
				CURRENT_PROJECT_VERSION = 1;
				DEVELOPMENT_TEAM = MU8U64S8D2;
				GENERATE_INFOPLIST_FILE = YES;
				IPHONEOS_DEPLOYMENT_TARGET = 17.2;
				MARKETING_VERSION = 1.0;
				PRODUCT_BUNDLE_IDENTIFIER = kr.coco.ToyTests;
				PRODUCT_NAME = "$(TARGET_NAME)";
				SWIFT_EMIT_LOC_STRINGS = NO;
				SWIFT_VERSION = 5.0;
				TARGETED_DEVICE_FAMILY = "1,2";
				TEST_HOST = "$(BUILT_PRODUCTS_DIR)/Toy.app/$(BUNDLE_EXECUTABLE_FOLDER_PATH)/Toy";
			};
			name = Debug;
		};
		BD9451822B5F48D700E58FD6 /* Release */ = {
			isa = XCBuildConfiguration;
			buildSettings = {
				ALWAYS_EMBED_SWIFT_STANDARD_LIBRARIES = YES;
				BUNDLE_LOADER = "$(TEST_HOST)";
				CODE_SIGN_STYLE = Automatic;
				CURRENT_PROJECT_VERSION = 1;
				DEVELOPMENT_TEAM = MU8U64S8D2;
				GENERATE_INFOPLIST_FILE = YES;
				IPHONEOS_DEPLOYMENT_TARGET = 17.2;
				MARKETING_VERSION = 1.0;
				PRODUCT_BUNDLE_IDENTIFIER = kr.coco.ToyTests;
				PRODUCT_NAME = "$(TARGET_NAME)";
				SWIFT_EMIT_LOC_STRINGS = NO;
				SWIFT_VERSION = 5.0;
				TARGETED_DEVICE_FAMILY = "1,2";
				TEST_HOST = "$(BUILT_PRODUCTS_DIR)/Toy.app/$(BUNDLE_EXECUTABLE_FOLDER_PATH)/Toy";
			};
			name = Release;
		};
		BD9451842B5F48D700E58FD6 /* Debug */ = {
			isa = XCBuildConfiguration;
			buildSettings = {
				ALWAYS_EMBED_SWIFT_STANDARD_LIBRARIES = YES;
				CODE_SIGN_STYLE = Automatic;
				CURRENT_PROJECT_VERSION = 1;
				DEVELOPMENT_TEAM = MU8U64S8D2;
				GENERATE_INFOPLIST_FILE = YES;
				MARKETING_VERSION = 1.0;
				PRODUCT_BUNDLE_IDENTIFIER = kr.coco.ToyUITests;
				PRODUCT_NAME = "$(TARGET_NAME)";
				SWIFT_EMIT_LOC_STRINGS = NO;
				SWIFT_VERSION = 5.0;
				TARGETED_DEVICE_FAMILY = "1,2";
				TEST_TARGET_NAME = Toy;
			};
			name = Debug;
		};
		BD9451852B5F48D700E58FD6 /* Release */ = {
			isa = XCBuildConfiguration;
			buildSettings = {
				ALWAYS_EMBED_SWIFT_STANDARD_LIBRARIES = YES;
				CODE_SIGN_STYLE = Automatic;
				CURRENT_PROJECT_VERSION = 1;
				DEVELOPMENT_TEAM = MU8U64S8D2;
				GENERATE_INFOPLIST_FILE = YES;
				MARKETING_VERSION = 1.0;
				PRODUCT_BUNDLE_IDENTIFIER = kr.coco.ToyUITests;
				PRODUCT_NAME = "$(TARGET_NAME)";
				SWIFT_EMIT_LOC_STRINGS = NO;
				SWIFT_VERSION = 5.0;
				TARGETED_DEVICE_FAMILY = "1,2";
				TEST_TARGET_NAME = Toy;
			};
			name = Release;
		};
/* End XCBuildConfiguration section */

/* Begin XCConfigurationList section */
		BD9451542B5F48D600E58FD6 /* Build configuration list for PBXProject "Toy" */ = {
			isa = XCConfigurationList;
			buildConfigurations = (
				BD94517B2B5F48D700E58FD6 /* Debug */,
				BD94517C2B5F48D700E58FD6 /* Release */,
			);
			defaultConfigurationIsVisible = 0;
			defaultConfigurationName = Release;
		};
		BD94517D2B5F48D700E58FD6 /* Build configuration list for PBXNativeTarget "Toy" */ = {
			isa = XCConfigurationList;
			buildConfigurations = (
				BD94517E2B5F48D700E58FD6 /* Debug */,
				BD94517F2B5F48D700E58FD6 /* Release */,
			);
			defaultConfigurationIsVisible = 0;
			defaultConfigurationName = Release;
		};
		BD9451802B5F48D700E58FD6 /* Build configuration list for PBXNativeTarget "ToyTests" */ = {
			isa = XCConfigurationList;
			buildConfigurations = (
				BD9451812B5F48D700E58FD6 /* Debug */,
				BD9451822B5F48D700E58FD6 /* Release */,
			);
			defaultConfigurationIsVisible = 0;
			defaultConfigurationName = Release;
		};
		BD9451832B5F48D700E58FD6 /* Build configuration list for PBXNativeTarget "ToyUITests" */ = {
			isa = XCConfigurationList;
			buildConfigurations = (
				BD9451842B5F48D700E58FD6 /* Debug */,
				BD9451852B5F48D700E58FD6 /* Release */,
			);
			defaultConfigurationIsVisible = 0;
			defaultConfigurationName = Release;
		};
/* End XCConfigurationList section */

/* Begin XCRemoteSwiftPackageReference section */
		BD357DBF2B6CED620090CF84 /* XCRemoteSwiftPackageReference "WrappingHStack" */ = {
			isa = XCRemoteSwiftPackageReference;
			repositoryURL = "https://github.com/ksemianov/WrappingHStack";
			requirement = {
				kind = upToNextMajorVersion;
				minimumVersion = 0.2.0;
			};
		};
/* End XCRemoteSwiftPackageReference section */

/* Begin XCSwiftPackageProductDependency section */
		BD357DC02B6CED630090CF84 /* WrappingHStack */ = {
			isa = XCSwiftPackageProductDependency;
			package = BD357DBF2B6CED620090CF84 /* XCRemoteSwiftPackageReference "WrappingHStack" */;
			productName = WrappingHStack;
		};
/* End XCSwiftPackageProductDependency section */
	};
	rootObject = BD9451512B5F48D600E58FD6 /* Project object */;
}
